// !$*UTF8*$!
{
	archiveVersion = 1;
	classes = {
	};
	objectVersion = 55;
	objects = {

/* Begin PBXBuildFile section */
		F73DAF6D282FEE7700BF067B /* PortfolioContainer.xcdatamodeld in Sources */ = {isa = PBXBuildFile; fileRef = F73DAF6B282FEE7700BF067B /* PortfolioContainer.xcdatamodeld */; };
		F73DAF6F282FEF6B00BF067B /* PortfolioDataService.swift in Sources */ = {isa = PBXBuildFile; fileRef = F73DAF6E282FEF6B00BF067B /* PortfolioDataService.swift */; };
		F774510C28BB620E00133505 /* DetailView.swift in Sources */ = {isa = PBXBuildFile; fileRef = F774510B28BB620E00133505 /* DetailView.swift */; };
		F774510E28BB761600133505 /* CoinDetailModel.swift in Sources */ = {isa = PBXBuildFile; fileRef = F774510D28BB761600133505 /* CoinDetailModel.swift */; };
		F774511028BB78E500133505 /* DetailViewModel.swift in Sources */ = {isa = PBXBuildFile; fileRef = F774510F28BB78E500133505 /* DetailViewModel.swift */; };
		F774511228BB840500133505 /* CoinDetailDataService.swift in Sources */ = {isa = PBXBuildFile; fileRef = F774511128BB840500133505 /* CoinDetailDataService.swift */; };
		F774511528C1ABCD00133505 /* ScreenPreview.swift in Sources */ = {isa = PBXBuildFile; fileRef = F774511428C1ABCD00133505 /* ScreenPreview.swift */; };
		F77D5C80284CBD7A00313226 /* HapticManager.swift in Sources */ = {isa = PBXBuildFile; fileRef = F77D5C7F284CBD7A00313226 /* HapticManager.swift */; };
		F797E3BA28C361E400144F0B /* ChartView.swift in Sources */ = {isa = PBXBuildFile; fileRef = F797E3B928C361E400144F0B /* ChartView.swift */; };
		F797E3BE28C366DD00144F0B /* Date.swift in Sources */ = {isa = PBXBuildFile; fileRef = F797E3BD28C366DD00144F0B /* Date.swift */; };
		F797E3C028CC616700144F0B /* String.swift in Sources */ = {isa = PBXBuildFile; fileRef = F797E3BF28CC616600144F0B /* String.swift */; };
		F797E3C428CC700B00144F0B /* SettingsView.swift in Sources */ = {isa = PBXBuildFile; fileRef = F797E3C328CC700B00144F0B /* SettingsView.swift */; };
		F7A453E8282B6A6D005E23F8 /* SwiftUICryptoApp.swift in Sources */ = {isa = PBXBuildFile; fileRef = F7A453D8282B6A6A005E23F8 /* SwiftUICryptoApp.swift */; };
		F7A453E9282B6A6D005E23F8 /* SwiftUICryptoApp.swift in Sources */ = {isa = PBXBuildFile; fileRef = F7A453D8282B6A6A005E23F8 /* SwiftUICryptoApp.swift */; };
		F7A453EA282B6A6D005E23F8 /* ContentView.swift in Sources */ = {isa = PBXBuildFile; fileRef = F7A453D9282B6A6A005E23F8 /* ContentView.swift */; };
		F7A453EB282B6A6D005E23F8 /* ContentView.swift in Sources */ = {isa = PBXBuildFile; fileRef = F7A453D9282B6A6A005E23F8 /* ContentView.swift */; };
		F7A453EC282B6A6D005E23F8 /* Assets.xcassets in Resources */ = {isa = PBXBuildFile; fileRef = F7A453DA282B6A6D005E23F8 /* Assets.xcassets */; };
		F7A453ED282B6A6D005E23F8 /* Assets.xcassets in Resources */ = {isa = PBXBuildFile; fileRef = F7A453DA282B6A6D005E23F8 /* Assets.xcassets */; };
		F7A453F8282B6F06005E23F8 /* Color.swift in Sources */ = {isa = PBXBuildFile; fileRef = F7A453F7282B6F06005E23F8 /* Color.swift */; };
		F7A45401282C0944005E23F8 /* HomeView.swift in Sources */ = {isa = PBXBuildFile; fileRef = F7A45400282C0944005E23F8 /* HomeView.swift */; };
		F7A45405282C09A7005E23F8 /* CircleButtonView.swift in Sources */ = {isa = PBXBuildFile; fileRef = F7A45404282C09A7005E23F8 /* CircleButtonView.swift */; };
		F7A45407282C0A61005E23F8 /* CircleButtonAnimationView.swift in Sources */ = {isa = PBXBuildFile; fileRef = F7A45406282C0A61005E23F8 /* CircleButtonAnimationView.swift */; };
		F7A4540A282C0D5C005E23F8 /* CoinModel.swift in Sources */ = {isa = PBXBuildFile; fileRef = F7A45409282C0D5C005E23F8 /* CoinModel.swift */; };
		F7A4540C282D19CF005E23F8 /* CoinRowView.swift in Sources */ = {isa = PBXBuildFile; fileRef = F7A4540B282D19CF005E23F8 /* CoinRowView.swift */; };
		F7A4540E282D19F5005E23F8 /* PreviewProvider.swift in Sources */ = {isa = PBXBuildFile; fileRef = F7A4540D282D19F5005E23F8 /* PreviewProvider.swift */; };
		F7A45410282D1A30005E23F8 /* Double.swift in Sources */ = {isa = PBXBuildFile; fileRef = F7A4540F282D1A30005E23F8 /* Double.swift */; };
		F7A45412282D1EB0005E23F8 /* HomeViewModel.swift in Sources */ = {isa = PBXBuildFile; fileRef = F7A45411282D1EB0005E23F8 /* HomeViewModel.swift */; };
		F7A45415282D21AD005E23F8 /* CoinDataService.swift in Sources */ = {isa = PBXBuildFile; fileRef = F7A45414282D21AD005E23F8 /* CoinDataService.swift */; };
		F7A45418282D2428005E23F8 /* NetworkingManager.swift in Sources */ = {isa = PBXBuildFile; fileRef = F7A45417282D2428005E23F8 /* NetworkingManager.swift */; };
		F7A4541B282D252F005E23F8 /* CoinImageView.swift in Sources */ = {isa = PBXBuildFile; fileRef = F7A4541A282D252F005E23F8 /* CoinImageView.swift */; };
		F7A4541D282D255F005E23F8 /* CoinImageService.swift in Sources */ = {isa = PBXBuildFile; fileRef = F7A4541C282D255F005E23F8 /* CoinImageService.swift */; };
		F7A4541F282D259E005E23F8 /* CoinImageViewModel.swift in Sources */ = {isa = PBXBuildFile; fileRef = F7A4541E282D259E005E23F8 /* CoinImageViewModel.swift */; };
		F7A45421282D2705005E23F8 /* LocalFileManager.swift in Sources */ = {isa = PBXBuildFile; fileRef = F7A45420282D2705005E23F8 /* LocalFileManager.swift */; };
		F7A45423282D282A005E23F8 /* SearchBarView.swift in Sources */ = {isa = PBXBuildFile; fileRef = F7A45422282D282A005E23F8 /* SearchBarView.swift */; };
		F7A45425282D285E005E23F8 /* UIApplication.swift in Sources */ = {isa = PBXBuildFile; fileRef = F7A45424282D285E005E23F8 /* UIApplication.swift */; };
		F7A45427282D5249005E23F8 /* StatisticModel.swift in Sources */ = {isa = PBXBuildFile; fileRef = F7A45426282D5249005E23F8 /* StatisticModel.swift */; };
		F7A45429282D5492005E23F8 /* StatisticView.swift in Sources */ = {isa = PBXBuildFile; fileRef = F7A45428282D5492005E23F8 /* StatisticView.swift */; };
		F7A4542B282D574C005E23F8 /* HomeStatsView.swift in Sources */ = {isa = PBXBuildFile; fileRef = F7A4542A282D574C005E23F8 /* HomeStatsView.swift */; };
		F7A4542D282F6F10005E23F8 /* MarketDataModel.swift in Sources */ = {isa = PBXBuildFile; fileRef = F7A4542C282F6F10005E23F8 /* MarketDataModel.swift */; };
		F7A4542F282F72EF005E23F8 /* MarketDataService.swift in Sources */ = {isa = PBXBuildFile; fileRef = F7A4542E282F72EF005E23F8 /* MarketDataService.swift */; };
		F7A45431282FB1AD005E23F8 /* PortfolioView.swift in Sources */ = {isa = PBXBuildFile; fileRef = F7A45430282FB1AD005E23F8 /* PortfolioView.swift */; };
		F7A45433282FB37B005E23F8 /* XMarkButton.swift in Sources */ = {isa = PBXBuildFile; fileRef = F7A45432282FB37B005E23F8 /* XMarkButton.swift */; };
		F7A45435282FC6B2005E23F8 /* CoinLogoView.swift in Sources */ = {isa = PBXBuildFile; fileRef = F7A45434282FC6B2005E23F8 /* CoinLogoView.swift */; };
/* End PBXBuildFile section */

/* Begin PBXFileReference section */
		F73DAF6C282FEE7700BF067B /* PortfolioContainer.xcdatamodel */ = {isa = PBXFileReference; lastKnownFileType = wrapper.xcdatamodel; path = PortfolioContainer.xcdatamodel; sourceTree = "<group>"; };
		F73DAF6E282FEF6B00BF067B /* PortfolioDataService.swift */ = {isa = PBXFileReference; lastKnownFileType = sourcecode.swift; path = PortfolioDataService.swift; sourceTree = "<group>"; };
		F774510B28BB620E00133505 /* DetailView.swift */ = {isa = PBXFileReference; lastKnownFileType = sourcecode.swift; path = DetailView.swift; sourceTree = "<group>"; };
		F774510D28BB761600133505 /* CoinDetailModel.swift */ = {isa = PBXFileReference; lastKnownFileType = sourcecode.swift; path = CoinDetailModel.swift; sourceTree = "<group>"; };
		F774510F28BB78E500133505 /* DetailViewModel.swift */ = {isa = PBXFileReference; lastKnownFileType = sourcecode.swift; path = DetailViewModel.swift; sourceTree = "<group>"; };
		F774511128BB840500133505 /* CoinDetailDataService.swift */ = {isa = PBXFileReference; lastKnownFileType = sourcecode.swift; path = CoinDetailDataService.swift; sourceTree = "<group>"; };
		F774511428C1ABCD00133505 /* ScreenPreview.swift */ = {isa = PBXFileReference; lastKnownFileType = sourcecode.swift; path = ScreenPreview.swift; sourceTree = "<group>"; };
		F77D5C7F284CBD7A00313226 /* HapticManager.swift */ = {isa = PBXFileReference; lastKnownFileType = sourcecode.swift; path = HapticManager.swift; sourceTree = "<group>"; };
		F797E3B928C361E400144F0B /* ChartView.swift */ = {isa = PBXFileReference; lastKnownFileType = sourcecode.swift; path = ChartView.swift; sourceTree = "<group>"; };
		F797E3BD28C366DD00144F0B /* Date.swift */ = {isa = PBXFileReference; lastKnownFileType = sourcecode.swift; path = Date.swift; sourceTree = "<group>"; };
		F797E3BF28CC616600144F0B /* String.swift */ = {isa = PBXFileReference; lastKnownFileType = sourcecode.swift; path = String.swift; sourceTree = "<group>"; };
		F797E3C328CC700B00144F0B /* SettingsView.swift */ = {isa = PBXFileReference; lastKnownFileType = sourcecode.swift; path = SettingsView.swift; sourceTree = "<group>"; };
		F7A453D8282B6A6A005E23F8 /* SwiftUICryptoApp.swift */ = {isa = PBXFileReference; lastKnownFileType = sourcecode.swift; path = SwiftUICryptoApp.swift; sourceTree = "<group>"; };
		F7A453D9282B6A6A005E23F8 /* ContentView.swift */ = {isa = PBXFileReference; lastKnownFileType = sourcecode.swift; path = ContentView.swift; sourceTree = "<group>"; };
		F7A453DA282B6A6D005E23F8 /* Assets.xcassets */ = {isa = PBXFileReference; lastKnownFileType = folder.assetcatalog; path = Assets.xcassets; sourceTree = "<group>"; };
		F7A453DF282B6A6D005E23F8 /* SwiftUICrypto.app */ = {isa = PBXFileReference; explicitFileType = wrapper.application; includeInIndex = 0; path = SwiftUICrypto.app; sourceTree = BUILT_PRODUCTS_DIR; };
		F7A453E5282B6A6D005E23F8 /* SwiftUICrypto.app */ = {isa = PBXFileReference; explicitFileType = wrapper.application; includeInIndex = 0; path = SwiftUICrypto.app; sourceTree = BUILT_PRODUCTS_DIR; };
		F7A453E7282B6A6D005E23F8 /* macOS.entitlements */ = {isa = PBXFileReference; lastKnownFileType = text.plist.entitlements; path = macOS.entitlements; sourceTree = "<group>"; };
		F7A453F7282B6F06005E23F8 /* Color.swift */ = {isa = PBXFileReference; lastKnownFileType = sourcecode.swift; path = Color.swift; sourceTree = "<group>"; };
		F7A45400282C0944005E23F8 /* HomeView.swift */ = {isa = PBXFileReference; lastKnownFileType = sourcecode.swift; path = HomeView.swift; sourceTree = "<group>"; };
		F7A45404282C09A7005E23F8 /* CircleButtonView.swift */ = {isa = PBXFileReference; lastKnownFileType = sourcecode.swift; path = CircleButtonView.swift; sourceTree = "<group>"; };
		F7A45406282C0A61005E23F8 /* CircleButtonAnimationView.swift */ = {isa = PBXFileReference; lastKnownFileType = sourcecode.swift; path = CircleButtonAnimationView.swift; sourceTree = "<group>"; };
		F7A45409282C0D5C005E23F8 /* CoinModel.swift */ = {isa = PBXFileReference; lastKnownFileType = sourcecode.swift; path = CoinModel.swift; sourceTree = "<group>"; };
		F7A4540B282D19CF005E23F8 /* CoinRowView.swift */ = {isa = PBXFileReference; lastKnownFileType = sourcecode.swift; path = CoinRowView.swift; sourceTree = "<group>"; };
		F7A4540D282D19F5005E23F8 /* PreviewProvider.swift */ = {isa = PBXFileReference; lastKnownFileType = sourcecode.swift; path = PreviewProvider.swift; sourceTree = "<group>"; };
		F7A4540F282D1A30005E23F8 /* Double.swift */ = {isa = PBXFileReference; lastKnownFileType = sourcecode.swift; path = Double.swift; sourceTree = "<group>"; };
		F7A45411282D1EB0005E23F8 /* HomeViewModel.swift */ = {isa = PBXFileReference; lastKnownFileType = sourcecode.swift; path = HomeViewModel.swift; sourceTree = "<group>"; };
		F7A45414282D21AD005E23F8 /* CoinDataService.swift */ = {isa = PBXFileReference; lastKnownFileType = sourcecode.swift; path = CoinDataService.swift; sourceTree = "<group>"; };
		F7A45417282D2428005E23F8 /* NetworkingManager.swift */ = {isa = PBXFileReference; lastKnownFileType = sourcecode.swift; path = NetworkingManager.swift; sourceTree = "<group>"; };
		F7A4541A282D252F005E23F8 /* CoinImageView.swift */ = {isa = PBXFileReference; lastKnownFileType = sourcecode.swift; path = CoinImageView.swift; sourceTree = "<group>"; };
		F7A4541C282D255F005E23F8 /* CoinImageService.swift */ = {isa = PBXFileReference; lastKnownFileType = sourcecode.swift; path = CoinImageService.swift; sourceTree = "<group>"; };
		F7A4541E282D259E005E23F8 /* CoinImageViewModel.swift */ = {isa = PBXFileReference; lastKnownFileType = sourcecode.swift; path = CoinImageViewModel.swift; sourceTree = "<group>"; };
		F7A45420282D2705005E23F8 /* LocalFileManager.swift */ = {isa = PBXFileReference; lastKnownFileType = sourcecode.swift; path = LocalFileManager.swift; sourceTree = "<group>"; };
		F7A45422282D282A005E23F8 /* SearchBarView.swift */ = {isa = PBXFileReference; lastKnownFileType = sourcecode.swift; path = SearchBarView.swift; sourceTree = "<group>"; };
		F7A45424282D285E005E23F8 /* UIApplication.swift */ = {isa = PBXFileReference; lastKnownFileType = sourcecode.swift; path = UIApplication.swift; sourceTree = "<group>"; };
		F7A45426282D5249005E23F8 /* StatisticModel.swift */ = {isa = PBXFileReference; lastKnownFileType = sourcecode.swift; path = StatisticModel.swift; sourceTree = "<group>"; };
		F7A45428282D5492005E23F8 /* StatisticView.swift */ = {isa = PBXFileReference; lastKnownFileType = sourcecode.swift; path = StatisticView.swift; sourceTree = "<group>"; };
		F7A4542A282D574C005E23F8 /* HomeStatsView.swift */ = {isa = PBXFileReference; lastKnownFileType = sourcecode.swift; path = HomeStatsView.swift; sourceTree = "<group>"; };
		F7A4542C282F6F10005E23F8 /* MarketDataModel.swift */ = {isa = PBXFileReference; lastKnownFileType = sourcecode.swift; path = MarketDataModel.swift; sourceTree = "<group>"; };
		F7A4542E282F72EF005E23F8 /* MarketDataService.swift */ = {isa = PBXFileReference; lastKnownFileType = sourcecode.swift; path = MarketDataService.swift; sourceTree = "<group>"; };
		F7A45430282FB1AD005E23F8 /* PortfolioView.swift */ = {isa = PBXFileReference; lastKnownFileType = sourcecode.swift; path = PortfolioView.swift; sourceTree = "<group>"; };
		F7A45432282FB37B005E23F8 /* XMarkButton.swift */ = {isa = PBXFileReference; lastKnownFileType = sourcecode.swift; path = XMarkButton.swift; sourceTree = "<group>"; };
		F7A45434282FC6B2005E23F8 /* CoinLogoView.swift */ = {isa = PBXFileReference; lastKnownFileType = sourcecode.swift; path = CoinLogoView.swift; sourceTree = "<group>"; };
/* End PBXFileReference section */

/* Begin PBXFrameworksBuildPhase section */
		F7A453DC282B6A6D005E23F8 /* Frameworks */ = {
			isa = PBXFrameworksBuildPhase;
			buildActionMask = 2147483647;
			files = (
			);
			runOnlyForDeploymentPostprocessing = 0;
		};
		F7A453E2282B6A6D005E23F8 /* Frameworks */ = {
			isa = PBXFrameworksBuildPhase;
			buildActionMask = 2147483647;
			files = (
			);
			runOnlyForDeploymentPostprocessing = 0;
		};
/* End PBXFrameworksBuildPhase section */

/* Begin PBXGroup section */
		F774510828BB61D900133505 /* Detail */ = {
			isa = PBXGroup;
			children = (
				F774510A28BB61FF00133505 /* ViewModels */,
				F774510928BB61F300133505 /* Views */,
			);
			name = Detail;
			sourceTree = "<group>";
		};
		F774510928BB61F300133505 /* Views */ = {
			isa = PBXGroup;
			children = (
				F774510B28BB620E00133505 /* DetailView.swift */,
				F797E3B928C361E400144F0B /* ChartView.swift */,
			);
			path = Views;
			sourceTree = "<group>";
		};
		F774510A28BB61FF00133505 /* ViewModels */ = {
			isa = PBXGroup;
			children = (
				F774510F28BB78E500133505 /* DetailViewModel.swift */,
			);
			path = ViewModels;
			sourceTree = "<group>";
		};
		F774511328C1ABB700133505 /* Test */ = {
			isa = PBXGroup;
			children = (
				F774511428C1ABCD00133505 /* ScreenPreview.swift */,
			);
			path = Test;
			sourceTree = "<group>";
		};
		F797E3C128CC6FC000144F0B /* Settings */ = {
			isa = PBXGroup;
			children = (
				F797E3C228CC6FF000144F0B /* Views */,
			);
			path = Settings;
			sourceTree = "<group>";
		};
		F797E3C228CC6FF000144F0B /* Views */ = {
			isa = PBXGroup;
			children = (
				F797E3C328CC700B00144F0B /* SettingsView.swift */,
			);
			path = Views;
			sourceTree = "<group>";
		};
		F7A453D2282B6A6A005E23F8 = {
			isa = PBXGroup;
			children = (
				F774511328C1ABB700133505 /* Test */,
				F7A453D7282B6A6A005E23F8 /* Shared */,
				F7A453E6282B6A6D005E23F8 /* macOS */,
				F7A453E0282B6A6D005E23F8 /* Products */,
			);
			sourceTree = "<group>";
		};
		F7A453D7282B6A6A005E23F8 /* Shared */ = {
			isa = PBXGroup;
			children = (
				F7A453D8282B6A6A005E23F8 /* SwiftUICryptoApp.swift */,
				F7A45416282D2413005E23F8 /* Utilities */,
				F7A453F6282B6EF8005E23F8 /* Extensions */,
				F7A45413282D2144005E23F8 /* Services */,
				F7A45408282C0D1F005E23F8 /* Model */,
				F7A453FA282C08AF005E23F8 /* Core */,
				F7A453D9282B6A6A005E23F8 /* ContentView.swift */,
				F7A453DA282B6A6D005E23F8 /* Assets.xcassets */,
			);
			path = Shared;
			sourceTree = "<group>";
		};
		F7A453E0282B6A6D005E23F8 /* Products */ = {
			isa = PBXGroup;
			children = (
				F7A453DF282B6A6D005E23F8 /* SwiftUICrypto.app */,
				F7A453E5282B6A6D005E23F8 /* SwiftUICrypto.app */,
			);
			name = Products;
			sourceTree = "<group>";
		};
		F7A453E6282B6A6D005E23F8 /* macOS */ = {
			isa = PBXGroup;
			children = (
				F7A453E7282B6A6D005E23F8 /* macOS.entitlements */,
			);
			path = macOS;
			sourceTree = "<group>";
		};
		F7A453F6282B6EF8005E23F8 /* Extensions */ = {
			isa = PBXGroup;
			children = (
				F7A453F7282B6F06005E23F8 /* Color.swift */,
				F7A4540D282D19F5005E23F8 /* PreviewProvider.swift */,
				F7A4540F282D1A30005E23F8 /* Double.swift */,
				F7A45424282D285E005E23F8 /* UIApplication.swift */,
				F797E3BD28C366DD00144F0B /* Date.swift */,
				F797E3BF28CC616600144F0B /* String.swift */,
			);
			path = Extensions;
			sourceTree = "<group>";
		};
		F7A453FA282C08AF005E23F8 /* Core */ = {
			isa = PBXGroup;
			children = (
				F7A45402282C0983005E23F8 /* Components */,
				F7A453FB282C08C0005E23F8 /* Home */,
				F774510828BB61D900133505 /* Detail */,
				F797E3C128CC6FC000144F0B /* Settings */,
			);
			path = Core;
			sourceTree = "<group>";
		};
		F7A453FB282C08C0005E23F8 /* Home */ = {
			isa = PBXGroup;
			children = (
				F7A453FC282C08C7005E23F8 /* ViewModels */,
				F7A453FD282C08D1005E23F8 /* Views */,
			);
			path = Home;
			sourceTree = "<group>";
		};
		F7A453FC282C08C7005E23F8 /* ViewModels */ = {
			isa = PBXGroup;
			children = (
				F7A45411282D1EB0005E23F8 /* HomeViewModel.swift */,
			);
			path = ViewModels;
			sourceTree = "<group>";
		};
		F7A453FD282C08D1005E23F8 /* Views */ = {
			isa = PBXGroup;
			children = (
				F7A45400282C0944005E23F8 /* HomeView.swift */,
				F7A4542A282D574C005E23F8 /* HomeStatsView.swift */,
				F7A4540B282D19CF005E23F8 /* CoinRowView.swift */,
				F7A45430282FB1AD005E23F8 /* PortfolioView.swift */,
			);
			path = Views;
			sourceTree = "<group>";
		};
		F7A45402282C0983005E23F8 /* Components */ = {
			isa = PBXGroup;
			children = (
				F7A45419282D2519005E23F8 /* CoinImage */,
				F7A45403282C0991005E23F8 /* CircleButton */,
				F7A45422282D282A005E23F8 /* SearchBarView.swift */,
				F7A45428282D5492005E23F8 /* StatisticView.swift */,
				F7A45432282FB37B005E23F8 /* XMarkButton.swift */,
			);
			path = Components;
			sourceTree = "<group>";
		};
		F7A45403282C0991005E23F8 /* CircleButton */ = {
			isa = PBXGroup;
			children = (
				F7A45404282C09A7005E23F8 /* CircleButtonView.swift */,
				F7A45406282C0A61005E23F8 /* CircleButtonAnimationView.swift */,
			);
			path = CircleButton;
			sourceTree = "<group>";
		};
		F7A45408282C0D1F005E23F8 /* Model */ = {
			isa = PBXGroup;
			children = (
				F7A45409282C0D5C005E23F8 /* CoinModel.swift */,
				F774510D28BB761600133505 /* CoinDetailModel.swift */,
				F7A45426282D5249005E23F8 /* StatisticModel.swift */,
				F7A4542C282F6F10005E23F8 /* MarketDataModel.swift */,
				F73DAF6B282FEE7700BF067B /* PortfolioContainer.xcdatamodeld */,
			);
			path = Model;
			sourceTree = "<group>";
		};
		F7A45413282D2144005E23F8 /* Services */ = {
			isa = PBXGroup;
			children = (
				F7A45414282D21AD005E23F8 /* CoinDataService.swift */,
				F774511128BB840500133505 /* CoinDetailDataService.swift */,
				F7A4541C282D255F005E23F8 /* CoinImageService.swift */,
				F7A4542E282F72EF005E23F8 /* MarketDataService.swift */,
				F73DAF6E282FEF6B00BF067B /* PortfolioDataService.swift */,
			);
			path = Services;
			sourceTree = "<group>";
		};
		F7A45416282D2413005E23F8 /* Utilities */ = {
			isa = PBXGroup;
			children = (
				F7A45417282D2428005E23F8 /* NetworkingManager.swift */,
				F7A45420282D2705005E23F8 /* LocalFileManager.swift */,
				F77D5C7F284CBD7A00313226 /* HapticManager.swift */,
			);
			path = Utilities;
			sourceTree = "<group>";
		};
		F7A45419282D2519005E23F8 /* CoinImage */ = {
			isa = PBXGroup;
			children = (
				F7A4541A282D252F005E23F8 /* CoinImageView.swift */,
				F7A4541E282D259E005E23F8 /* CoinImageViewModel.swift */,
				F7A45434282FC6B2005E23F8 /* CoinLogoView.swift */,
			);
			path = CoinImage;
			sourceTree = "<group>";
		};
/* End PBXGroup section */

/* Begin PBXNativeTarget section */
		F7A453DE282B6A6D005E23F8 /* SwiftUICrypto (iOS) */ = {
			isa = PBXNativeTarget;
			buildConfigurationList = F7A453F0282B6A6D005E23F8 /* Build configuration list for PBXNativeTarget "SwiftUICrypto (iOS)" */;
			buildPhases = (
				F7A453DB282B6A6D005E23F8 /* Sources */,
				F7A453DC282B6A6D005E23F8 /* Frameworks */,
				F7A453DD282B6A6D005E23F8 /* Resources */,
			);
			buildRules = (
			);
			dependencies = (
			);
			name = "SwiftUICrypto (iOS)";
			productName = "SwiftUICrypto (iOS)";
			productReference = F7A453DF282B6A6D005E23F8 /* SwiftUICrypto.app */;
			productType = "com.apple.product-type.application";
		};
		F7A453E4282B6A6D005E23F8 /* SwiftUICrypto (macOS) */ = {
			isa = PBXNativeTarget;
			buildConfigurationList = F7A453F3282B6A6D005E23F8 /* Build configuration list for PBXNativeTarget "SwiftUICrypto (macOS)" */;
			buildPhases = (
				F7A453E1282B6A6D005E23F8 /* Sources */,
				F7A453E2282B6A6D005E23F8 /* Frameworks */,
				F7A453E3282B6A6D005E23F8 /* Resources */,
			);
			buildRules = (
			);
			dependencies = (
			);
			name = "SwiftUICrypto (macOS)";
			productName = "SwiftUICrypto (macOS)";
			productReference = F7A453E5282B6A6D005E23F8 /* SwiftUICrypto.app */;
			productType = "com.apple.product-type.application";
		};
/* End PBXNativeTarget section */

/* Begin PBXProject section */
		F7A453D3282B6A6A005E23F8 /* Project object */ = {
			isa = PBXProject;
			attributes = {
				BuildIndependentTargetsInParallel = 1;
				LastSwiftUpdateCheck = 1330;
				LastUpgradeCheck = 1330;
				TargetAttributes = {
					F7A453DE282B6A6D005E23F8 = {
						CreatedOnToolsVersion = 13.3.1;
					};
					F7A453E4282B6A6D005E23F8 = {
						CreatedOnToolsVersion = 13.3.1;
					};
				};
			};
			buildConfigurationList = F7A453D6282B6A6A005E23F8 /* Build configuration list for PBXProject "SwiftUICrypto" */;
			compatibilityVersion = "Xcode 13.0";
			developmentRegion = en;
			hasScannedForEncodings = 0;
			knownRegions = (
				en,
				Base,
			);
			mainGroup = F7A453D2282B6A6A005E23F8;
			productRefGroup = F7A453E0282B6A6D005E23F8 /* Products */;
			projectDirPath = "";
			projectRoot = "";
			targets = (
				F7A453DE282B6A6D005E23F8 /* SwiftUICrypto (iOS) */,
				F7A453E4282B6A6D005E23F8 /* SwiftUICrypto (macOS) */,
			);
		};
/* End PBXProject section */

/* Begin PBXResourcesBuildPhase section */
		F7A453DD282B6A6D005E23F8 /* Resources */ = {
			isa = PBXResourcesBuildPhase;
			buildActionMask = 2147483647;
			files = (
				F7A453EC282B6A6D005E23F8 /* Assets.xcassets in Resources */,
			);
			runOnlyForDeploymentPostprocessing = 0;
		};
		F7A453E3282B6A6D005E23F8 /* Resources */ = {
			isa = PBXResourcesBuildPhase;
			buildActionMask = 2147483647;
			files = (
				F7A453ED282B6A6D005E23F8 /* Assets.xcassets in Resources */,
			);
			runOnlyForDeploymentPostprocessing = 0;
		};
/* End PBXResourcesBuildPhase section */

/* Begin PBXSourcesBuildPhase section */
		F7A453DB282B6A6D005E23F8 /* Sources */ = {
			isa = PBXSourcesBuildPhase;
			buildActionMask = 2147483647;
			files = (
				F797E3C028CC616700144F0B /* String.swift in Sources */,
				F774511528C1ABCD00133505 /* ScreenPreview.swift in Sources */,
				F73DAF6D282FEE7700BF067B /* PortfolioContainer.xcdatamodeld in Sources */,
				F7A45427282D5249005E23F8 /* StatisticModel.swift in Sources */,
				F7A45415282D21AD005E23F8 /* CoinDataService.swift in Sources */,
				F7A4540C282D19CF005E23F8 /* CoinRowView.swift in Sources */,
				F7A45433282FB37B005E23F8 /* XMarkButton.swift in Sources */,
				F7A45412282D1EB0005E23F8 /* HomeViewModel.swift in Sources */,
				F7A453EA282B6A6D005E23F8 /* ContentView.swift in Sources */,
				F7A45421282D2705005E23F8 /* LocalFileManager.swift in Sources */,
				F7A4542D282F6F10005E23F8 /* MarketDataModel.swift in Sources */,
				F7A45401282C0944005E23F8 /* HomeView.swift in Sources */,
				F797E3C428CC700B00144F0B /* SettingsView.swift in Sources */,
				F7A45429282D5492005E23F8 /* StatisticView.swift in Sources */,
				F7A4541B282D252F005E23F8 /* CoinImageView.swift in Sources */,
				F7A453E8282B6A6D005E23F8 /* SwiftUICryptoApp.swift in Sources */,
				F7A45425282D285E005E23F8 /* UIApplication.swift in Sources */,
				F7A45405282C09A7005E23F8 /* CircleButtonView.swift in Sources */,
				F7A453F8282B6F06005E23F8 /* Color.swift in Sources */,
				F774510C28BB620E00133505 /* DetailView.swift in Sources */,
				F77D5C80284CBD7A00313226 /* HapticManager.swift in Sources */,
				F7A45423282D282A005E23F8 /* SearchBarView.swift in Sources */,
				F7A45418282D2428005E23F8 /* NetworkingManager.swift in Sources */,
				F7A45435282FC6B2005E23F8 /* CoinLogoView.swift in Sources */,
				F7A4542B282D574C005E23F8 /* HomeStatsView.swift in Sources */,
				F797E3BA28C361E400144F0B /* ChartView.swift in Sources */,
				F7A4542F282F72EF005E23F8 /* MarketDataService.swift in Sources */,
				F7A45407282C0A61005E23F8 /* CircleButtonAnimationView.swift in Sources */,
				F7A4541F282D259E005E23F8 /* CoinImageViewModel.swift in Sources */,
				F7A4540E282D19F5005E23F8 /* PreviewProvider.swift in Sources */,
				F7A45431282FB1AD005E23F8 /* PortfolioView.swift in Sources */,
				F7A45410282D1A30005E23F8 /* Double.swift in Sources */,
				F7A4541D282D255F005E23F8 /* CoinImageService.swift in Sources */,
				F797E3BE28C366DD00144F0B /* Date.swift in Sources */,
				F774510E28BB761600133505 /* CoinDetailModel.swift in Sources */,
				F7A4540A282C0D5C005E23F8 /* CoinModel.swift in Sources */,
				F774511228BB840500133505 /* CoinDetailDataService.swift in Sources */,
				F774511028BB78E500133505 /* DetailViewModel.swift in Sources */,
				F73DAF6F282FEF6B00BF067B /* PortfolioDataService.swift in Sources */,
			);
			runOnlyForDeploymentPostprocessing = 0;
		};
		F7A453E1282B6A6D005E23F8 /* Sources */ = {
			isa = PBXSourcesBuildPhase;
			buildActionMask = 2147483647;
			files = (
				F7A453EB282B6A6D005E23F8 /* ContentView.swift in Sources */,
				F7A453E9282B6A6D005E23F8 /* SwiftUICryptoApp.swift in Sources */,
			);
			runOnlyForDeploymentPostprocessing = 0;
		};
/* End PBXSourcesBuildPhase section */

/* Begin XCBuildConfiguration section */
		F7A453EE282B6A6D005E23F8 /* Debug */ = {
			isa = XCBuildConfiguration;
			buildSettings = {
				ALWAYS_SEARCH_USER_PATHS = NO;
				CLANG_ANALYZER_NONNULL = YES;
				CLANG_ANALYZER_NUMBER_OBJECT_CONVERSION = YES_AGGRESSIVE;
				CLANG_CXX_LANGUAGE_STANDARD = "gnu++17";
				CLANG_ENABLE_MODULES = YES;
				CLANG_ENABLE_OBJC_ARC = YES;
				CLANG_ENABLE_OBJC_WEAK = YES;
				CLANG_WARN_BLOCK_CAPTURE_AUTORELEASING = YES;
				CLANG_WARN_BOOL_CONVERSION = YES;
				CLANG_WARN_COMMA = YES;
				CLANG_WARN_CONSTANT_CONVERSION = YES;
				CLANG_WARN_DEPRECATED_OBJC_IMPLEMENTATIONS = YES;
				CLANG_WARN_DIRECT_OBJC_ISA_USAGE = YES_ERROR;
				CLANG_WARN_DOCUMENTATION_COMMENTS = YES;
				CLANG_WARN_EMPTY_BODY = YES;
				CLANG_WARN_ENUM_CONVERSION = YES;
				CLANG_WARN_INFINITE_RECURSION = YES;
				CLANG_WARN_INT_CONVERSION = YES;
				CLANG_WARN_NON_LITERAL_NULL_CONVERSION = YES;
				CLANG_WARN_OBJC_IMPLICIT_RETAIN_SELF = YES;
				CLANG_WARN_OBJC_LITERAL_CONVERSION = YES;
				CLANG_WARN_OBJC_ROOT_CLASS = YES_ERROR;
				CLANG_WARN_QUOTED_INCLUDE_IN_FRAMEWORK_HEADER = YES;
				CLANG_WARN_RANGE_LOOP_ANALYSIS = YES;
				CLANG_WARN_STRICT_PROTOTYPES = YES;
				CLANG_WARN_SUSPICIOUS_MOVE = YES;
				CLANG_WARN_UNGUARDED_AVAILABILITY = YES_AGGRESSIVE;
				CLANG_WARN_UNREACHABLE_CODE = YES;
				CLANG_WARN__DUPLICATE_METHOD_MATCH = YES;
				COPY_PHASE_STRIP = NO;
				DEBUG_INFORMATION_FORMAT = dwarf;
				ENABLE_STRICT_OBJC_MSGSEND = YES;
				ENABLE_TESTABILITY = YES;
				GCC_C_LANGUAGE_STANDARD = gnu11;
				GCC_DYNAMIC_NO_PIC = NO;
				GCC_NO_COMMON_BLOCKS = YES;
				GCC_OPTIMIZATION_LEVEL = 0;
				GCC_PREPROCESSOR_DEFINITIONS = (
					"DEBUG=1",
					"$(inherited)",
				);
				GCC_WARN_64_TO_32_BIT_CONVERSION = YES;
				GCC_WARN_ABOUT_RETURN_TYPE = YES_ERROR;
				GCC_WARN_UNDECLARED_SELECTOR = YES;
				GCC_WARN_UNINITIALIZED_AUTOS = YES_AGGRESSIVE;
				GCC_WARN_UNUSED_FUNCTION = YES;
				GCC_WARN_UNUSED_VARIABLE = YES;
				IPHONEOS_DEPLOYMENT_TARGET = 15.4;
				MTL_ENABLE_DEBUG_INFO = INCLUDE_SOURCE;
				MTL_FAST_MATH = YES;
				ONLY_ACTIVE_ARCH = YES;
				SWIFT_ACTIVE_COMPILATION_CONDITIONS = DEBUG;
				SWIFT_OPTIMIZATION_LEVEL = "-Onone";
			};
			name = Debug;
		};
		F7A453EF282B6A6D005E23F8 /* Release */ = {
			isa = XCBuildConfiguration;
			buildSettings = {
				ALWAYS_SEARCH_USER_PATHS = NO;
				CLANG_ANALYZER_NONNULL = YES;
				CLANG_ANALYZER_NUMBER_OBJECT_CONVERSION = YES_AGGRESSIVE;
				CLANG_CXX_LANGUAGE_STANDARD = "gnu++17";
				CLANG_ENABLE_MODULES = YES;
				CLANG_ENABLE_OBJC_ARC = YES;
				CLANG_ENABLE_OBJC_WEAK = YES;
				CLANG_WARN_BLOCK_CAPTURE_AUTORELEASING = YES;
				CLANG_WARN_BOOL_CONVERSION = YES;
				CLANG_WARN_COMMA = YES;
				CLANG_WARN_CONSTANT_CONVERSION = YES;
				CLANG_WARN_DEPRECATED_OBJC_IMPLEMENTATIONS = YES;
				CLANG_WARN_DIRECT_OBJC_ISA_USAGE = YES_ERROR;
				CLANG_WARN_DOCUMENTATION_COMMENTS = YES;
				CLANG_WARN_EMPTY_BODY = YES;
				CLANG_WARN_ENUM_CONVERSION = YES;
				CLANG_WARN_INFINITE_RECURSION = YES;
				CLANG_WARN_INT_CONVERSION = YES;
				CLANG_WARN_NON_LITERAL_NULL_CONVERSION = YES;
				CLANG_WARN_OBJC_IMPLICIT_RETAIN_SELF = YES;
				CLANG_WARN_OBJC_LITERAL_CONVERSION = YES;
				CLANG_WARN_OBJC_ROOT_CLASS = YES_ERROR;
				CLANG_WARN_QUOTED_INCLUDE_IN_FRAMEWORK_HEADER = YES;
				CLANG_WARN_RANGE_LOOP_ANALYSIS = YES;
				CLANG_WARN_STRICT_PROTOTYPES = YES;
				CLANG_WARN_SUSPICIOUS_MOVE = YES;
				CLANG_WARN_UNGUARDED_AVAILABILITY = YES_AGGRESSIVE;
				CLANG_WARN_UNREACHABLE_CODE = YES;
				CLANG_WARN__DUPLICATE_METHOD_MATCH = YES;
				COPY_PHASE_STRIP = NO;
				DEBUG_INFORMATION_FORMAT = "dwarf-with-dsym";
				ENABLE_NS_ASSERTIONS = NO;
				ENABLE_STRICT_OBJC_MSGSEND = YES;
				GCC_C_LANGUAGE_STANDARD = gnu11;
				GCC_NO_COMMON_BLOCKS = YES;
				GCC_WARN_64_TO_32_BIT_CONVERSION = YES;
				GCC_WARN_ABOUT_RETURN_TYPE = YES_ERROR;
				GCC_WARN_UNDECLARED_SELECTOR = YES;
				GCC_WARN_UNINITIALIZED_AUTOS = YES_AGGRESSIVE;
				GCC_WARN_UNUSED_FUNCTION = YES;
				GCC_WARN_UNUSED_VARIABLE = YES;
				IPHONEOS_DEPLOYMENT_TARGET = 15.4;
				MTL_ENABLE_DEBUG_INFO = NO;
				MTL_FAST_MATH = YES;
				SWIFT_COMPILATION_MODE = wholemodule;
				SWIFT_OPTIMIZATION_LEVEL = "-O";
			};
			name = Release;
		};
		F7A453F1282B6A6D005E23F8 /* Debug */ = {
			isa = XCBuildConfiguration;
			buildSettings = {
				ASSETCATALOG_COMPILER_APPICON_NAME = AppIcon;
				ASSETCATALOG_COMPILER_GLOBAL_ACCENT_COLOR_NAME = AccentColor;
				CODE_SIGN_STYLE = Automatic;
				CURRENT_PROJECT_VERSION = 1;
				DEVELOPMENT_TEAM = 2UW3394MF3;
				ENABLE_PREVIEWS = YES;
				GENERATE_INFOPLIST_FILE = YES;
				INFOPLIST_KEY_UIApplicationSceneManifest_Generation = YES;
				INFOPLIST_KEY_UIApplicationSupportsIndirectInputEvents = YES;
				INFOPLIST_KEY_UILaunchScreen_Generation = YES;
				INFOPLIST_KEY_UISupportedInterfaceOrientations = UIInterfaceOrientationPortrait;
				INFOPLIST_KEY_UISupportedInterfaceOrientations_iPad = "UIInterfaceOrientationPortrait UIInterfaceOrientationPortraitUpsideDown UIInterfaceOrientationLandscapeLeft UIInterfaceOrientationLandscapeRight";
				INFOPLIST_KEY_UISupportedInterfaceOrientations_iPhone = "UIInterfaceOrientationPortrait UIInterfaceOrientationLandscapeLeft UIInterfaceOrientationLandscapeRight";
				IPHONEOS_DEPLOYMENT_TARGET = 15.4;
				LD_RUNPATH_SEARCH_PATHS = (
					"$(inherited)",
					"@executable_path/Frameworks",
				);
				MARKETING_VERSION = 1.0;
				PRODUCT_BUNDLE_IDENTIFIER = com.archive.SwiftUICrypto;
				PRODUCT_NAME = SwiftUICrypto;
				SDKROOT = iphoneos;
				SWIFT_EMIT_LOC_STRINGS = YES;
				SWIFT_VERSION = 5.0;
				TARGETED_DEVICE_FAMILY = "1,2";
			};
			name = Debug;
		};
		F7A453F2282B6A6D005E23F8 /* Release */ = {
			isa = XCBuildConfiguration;
			buildSettings = {
				ASSETCATALOG_COMPILER_APPICON_NAME = AppIcon;
				ASSETCATALOG_COMPILER_GLOBAL_ACCENT_COLOR_NAME = AccentColor;
				CODE_SIGN_STYLE = Automatic;
				CURRENT_PROJECT_VERSION = 1;
				DEVELOPMENT_TEAM = 2UW3394MF3;
				ENABLE_PREVIEWS = YES;
				GENERATE_INFOPLIST_FILE = YES;
				INFOPLIST_KEY_UIApplicationSceneManifest_Generation = YES;
				INFOPLIST_KEY_UIApplicationSupportsIndirectInputEvents = YES;
				INFOPLIST_KEY_UILaunchScreen_Generation = YES;
				INFOPLIST_KEY_UISupportedInterfaceOrientations = UIInterfaceOrientationPortrait;
				INFOPLIST_KEY_UISupportedInterfaceOrientations_iPad = "UIInterfaceOrientationPortrait UIInterfaceOrientationPortraitUpsideDown UIInterfaceOrientationLandscapeLeft UIInterfaceOrientationLandscapeRight";
				INFOPLIST_KEY_UISupportedInterfaceOrientations_iPhone = "UIInterfaceOrientationPortrait UIInterfaceOrientationLandscapeLeft UIInterfaceOrientationLandscapeRight";
				IPHONEOS_DEPLOYMENT_TARGET = 15.4;
				LD_RUNPATH_SEARCH_PATHS = (
					"$(inherited)",
					"@executable_path/Frameworks",
				);
				MARKETING_VERSION = 1.0;
				PRODUCT_BUNDLE_IDENTIFIER = com.archive.SwiftUICrypto;
				PRODUCT_NAME = SwiftUICrypto;
				SDKROOT = iphoneos;
				SWIFT_EMIT_LOC_STRINGS = YES;
				SWIFT_VERSION = 5.0;
				TARGETED_DEVICE_FAMILY = "1,2";
				VALIDATE_PRODUCT = YES;
			};
			name = Release;
		};
		F7A453F4282B6A6D005E23F8 /* Debug */ = {
			isa = XCBuildConfiguration;
			buildSettings = {
				ASSETCATALOG_COMPILER_APPICON_NAME = AppIcon;
				ASSETCATALOG_COMPILER_GLOBAL_ACCENT_COLOR_NAME = AccentColor;
				CODE_SIGN_ENTITLEMENTS = macOS/macOS.entitlements;
				CODE_SIGN_STYLE = Automatic;
				COMBINE_HIDPI_IMAGES = YES;
				CURRENT_PROJECT_VERSION = 1;
				DEVELOPMENT_TEAM = 2UW3394MF3;
				ENABLE_HARDENED_RUNTIME = YES;
				ENABLE_PREVIEWS = YES;
				GENERATE_INFOPLIST_FILE = YES;
				INFOPLIST_KEY_NSHumanReadableCopyright = "";
				LD_RUNPATH_SEARCH_PATHS = (
					"$(inherited)",
					"@executable_path/../Frameworks",
				);
				MACOSX_DEPLOYMENT_TARGET = 12.1;
				MARKETING_VERSION = 1.0;
				PRODUCT_BUNDLE_IDENTIFIER = com.archive.SwiftUICrypto;
				PRODUCT_NAME = SwiftUICrypto;
				SDKROOT = macosx;
				SWIFT_EMIT_LOC_STRINGS = YES;
				SWIFT_VERSION = 5.0;
			};
			name = Debug;
		};
		F7A453F5282B6A6D005E23F8 /* Release */ = {
			isa = XCBuildConfiguration;
			buildSettings = {
				ASSETCATALOG_COMPILER_APPICON_NAME = AppIcon;
				ASSETCATALOG_COMPILER_GLOBAL_ACCENT_COLOR_NAME = AccentColor;
				CODE_SIGN_ENTITLEMENTS = macOS/macOS.entitlements;
				CODE_SIGN_STYLE = Automatic;
				COMBINE_HIDPI_IMAGES = YES;
				CURRENT_PROJECT_VERSION = 1;
				DEVELOPMENT_TEAM = 2UW3394MF3;
				ENABLE_HARDENED_RUNTIME = YES;
				ENABLE_PREVIEWS = YES;
				GENERATE_INFOPLIST_FILE = YES;
				INFOPLIST_KEY_NSHumanReadableCopyright = "";
				LD_RUNPATH_SEARCH_PATHS = (
					"$(inherited)",
					"@executable_path/../Frameworks",
				);
				MACOSX_DEPLOYMENT_TARGET = 12.1;
				MARKETING_VERSION = 1.0;
				PRODUCT_BUNDLE_IDENTIFIER = com.archive.SwiftUICrypto;
				PRODUCT_NAME = SwiftUICrypto;
				SDKROOT = macosx;
				SWIFT_EMIT_LOC_STRINGS = YES;
				SWIFT_VERSION = 5.0;
			};
			name = Release;
		};
/* End XCBuildConfiguration section */

/* Begin XCConfigurationList section */
		F7A453D6282B6A6A005E23F8 /* Build configuration list for PBXProject "SwiftUICrypto" */ = {
			isa = XCConfigurationList;
			buildConfigurations = (
				F7A453EE282B6A6D005E23F8 /* Debug */,
				F7A453EF282B6A6D005E23F8 /* Release */,
			);
			defaultConfigurationIsVisible = 0;
			defaultConfigurationName = Release;
		};
		F7A453F0282B6A6D005E23F8 /* Build configuration list for PBXNativeTarget "SwiftUICrypto (iOS)" */ = {
			isa = XCConfigurationList;
			buildConfigurations = (
				F7A453F1282B6A6D005E23F8 /* Debug */,
				F7A453F2282B6A6D005E23F8 /* Release */,
			);
			defaultConfigurationIsVisible = 0;
			defaultConfigurationName = Release;
		};
		F7A453F3282B6A6D005E23F8 /* Build configuration list for PBXNativeTarget "SwiftUICrypto (macOS)" */ = {
			isa = XCConfigurationList;
			buildConfigurations = (
				F7A453F4282B6A6D005E23F8 /* Debug */,
				F7A453F5282B6A6D005E23F8 /* Release */,
			);
			defaultConfigurationIsVisible = 0;
			defaultConfigurationName = Release;
		};
/* End XCConfigurationList section */

/* Begin XCVersionGroup section */
		F73DAF6B282FEE7700BF067B /* PortfolioContainer.xcdatamodeld */ = {
			isa = XCVersionGroup;
			children = (
				F73DAF6C282FEE7700BF067B /* PortfolioContainer.xcdatamodel */,
			);
			currentVersion = F73DAF6C282FEE7700BF067B /* PortfolioContainer.xcdatamodel */;
			path = PortfolioContainer.xcdatamodeld;
			sourceTree = "<group>";
			versionGroupType = wrapper.xcdatamodel;
		};
/* End XCVersionGroup section */
	};
	rootObject = F7A453D3282B6A6A005E23F8 /* Project object */;
}
